
Microsoft Visual Studio Solution File, Format Version 12.00
# Visual Studio Version 16
VisualStudioVersion = 16.0.29230.47
MinimumVisualStudioVersion = 15.0.26124.0
Project("{9A19103F-16F7-4668-BE54-9A1E7A4F7556}") = "SFA.DAS.Experiment.Function", "SFA.DAS.Experiment.Function\SFA.DAS.Experiment.Function.csproj", "{9C1D6E94-5BA3-4D61-90C7-A2A86E02A3A9}"
EndProject
Project("{9A19103F-16F7-4668-BE54-9A1E7A4F7556}") = "SFA.DAS.Experiments.Application", "SFA.DAS.Experiments.Application\SFA.DAS.Experiments.Application.csproj", "{8B3B27E7-CCD5-4E77-A8E7-1C12C6E8C535}"
EndProject
Project("{9A19103F-16F7-4668-BE54-9A1E7A4F7556}") = "SFA.DAS.Experiments.Models", "SFA.DAS.Experiments.Models\SFA.DAS.Experiments.Models.csproj", "{DC154DAD-1BEA-4E6E-908C-8949B73D2A59}"
EndProject
Project("{00D1A9C2-B5F0-4AF3-8072-F6C62B433612}") = "SFA.DAS.Experiment.Database", "SFA.DAS.Experiment.Database\SFA.DAS.Experiment.Database.sqlproj", "{98C0E1EF-6DEE-4E6B-807C-65AE9792C07A}"
EndProject
Global
	GlobalSection(SolutionConfigurationPlatforms) = preSolution
		Debug|Any CPU = Debug|Any CPU
		Debug|x64 = Debug|x64
		Debug|x86 = Debug|x86
		Release|Any CPU = Release|Any CPU
		Release|x64 = Release|x64
		Release|x86 = Release|x86
	EndGlobalSection
	GlobalSection(ProjectConfigurationPlatforms) = postSolution
		{9C1D6E94-5BA3-4D61-90C7-A2A86E02A3A9}.Debug|Any CPU.ActiveCfg = Debug|Any CPU
		{9C1D6E94-5BA3-4D61-90C7-A2A86E02A3A9}.Debug|Any CPU.Build.0 = Debug|Any CPU
		{9C1D6E94-5BA3-4D61-90C7-A2A86E02A3A9}.Debug|x64.ActiveCfg = Debug|Any CPU
		{9C1D6E94-5BA3-4D61-90C7-A2A86E02A3A9}.Debug|x64.Build.0 = Debug|Any CPU
		{9C1D6E94-5BA3-4D61-90C7-A2A86E02A3A9}.Debug|x86.ActiveCfg = Debug|Any CPU
		{9C1D6E94-5BA3-4D61-90C7-A2A86E02A3A9}.Debug|x86.Build.0 = Debug|Any CPU
		{9C1D6E94-5BA3-4D61-90C7-A2A86E02A3A9}.Release|Any CPU.ActiveCfg = Release|Any CPU
		{9C1D6E94-5BA3-4D61-90C7-A2A86E02A3A9}.Release|Any CPU.Build.0 = Release|Any CPU
		{9C1D6E94-5BA3-4D61-90C7-A2A86E02A3A9}.Release|x64.ActiveCfg = Release|Any CPU
		{9C1D6E94-5BA3-4D61-90C7-A2A86E02A3A9}.Release|x64.Build.0 = Release|Any CPU
		{9C1D6E94-5BA3-4D61-90C7-A2A86E02A3A9}.Release|x86.ActiveCfg = Release|Any CPU
		{9C1D6E94-5BA3-4D61-90C7-A2A86E02A3A9}.Release|x86.Build.0 = Release|Any CPU
		{8B3B27E7-CCD5-4E77-A8E7-1C12C6E8C535}.Debug|Any CPU.ActiveCfg = Debug|Any CPU
		{8B3B27E7-CCD5-4E77-A8E7-1C12C6E8C535}.Debug|Any CPU.Build.0 = Debug|Any CPU
		{8B3B27E7-CCD5-4E77-A8E7-1C12C6E8C535}.Debug|x64.ActiveCfg = Debug|Any CPU
		{8B3B27E7-CCD5-4E77-A8E7-1C12C6E8C535}.Debug|x64.Build.0 = Debug|Any CPU
		{8B3B27E7-CCD5-4E77-A8E7-1C12C6E8C535}.Debug|x86.ActiveCfg = Debug|Any CPU
		{8B3B27E7-CCD5-4E77-A8E7-1C12C6E8C535}.Debug|x86.Build.0 = Debug|Any CPU
		{8B3B27E7-CCD5-4E77-A8E7-1C12C6E8C535}.Release|Any CPU.ActiveCfg = Release|Any CPU
		{8B3B27E7-CCD5-4E77-A8E7-1C12C6E8C535}.Release|Any CPU.Build.0 = Release|Any CPU
		{8B3B27E7-CCD5-4E77-A8E7-1C12C6E8C535}.Release|x64.ActiveCfg = Release|Any CPU
		{8B3B27E7-CCD5-4E77-A8E7-1C12C6E8C535}.Release|x64.Build.0 = Release|Any CPU
		{8B3B27E7-CCD5-4E77-A8E7-1C12C6E8C535}.Release|x86.ActiveCfg = Release|Any CPU
		{8B3B27E7-CCD5-4E77-A8E7-1C12C6E8C535}.Release|x86.Build.0 = Release|Any CPU
		{DC154DAD-1BEA-4E6E-908C-8949B73D2A59}.Debug|Any CPU.ActiveCfg = Debug|Any CPU
		{DC154DAD-1BEA-4E6E-908C-8949B73D2A59}.Debug|Any CPU.Build.0 = Debug|Any CPU
		{DC154DAD-1BEA-4E6E-908C-8949B73D2A59}.Debug|x64.ActiveCfg = Debug|Any CPU
		{DC154DAD-1BEA-4E6E-908C-8949B73D2A59}.Debug|x64.Build.0 = Debug|Any CPU
		{DC154DAD-1BEA-4E6E-908C-8949B73D2A59}.Debug|x86.ActiveCfg = Debug|Any CPU
		{DC154DAD-1BEA-4E6E-908C-8949B73D2A59}.Debug|x86.Build.0 = Debug|Any CPU
		{DC154DAD-1BEA-4E6E-908C-8949B73D2A59}.Release|Any CPU.ActiveCfg = Release|Any CPU
		{DC154DAD-1BEA-4E6E-908C-8949B73D2A59}.Release|Any CPU.Build.0 = Release|Any CPU
		{DC154DAD-1BEA-4E6E-908C-8949B73D2A59}.Release|x64.ActiveCfg = Release|Any CPU
		{DC154DAD-1BEA-4E6E-908C-8949B73D2A59}.Release|x64.Build.0 = Release|Any CPU
		{DC154DAD-1BEA-4E6E-908C-8949B73D2A59}.Release|x86.ActiveCfg = Release|Any CPU
		{DC154DAD-1BEA-4E6E-908C-8949B73D2A59}.Release|x86.Build.0 = Release|Any CPU
		{98C0E1EF-6DEE-4E6B-807C-65AE9792C07A}.Debug|Any CPU.ActiveCfg = Debug|Any CPU
		{98C0E1EF-6DEE-4E6B-807C-65AE9792C07A}.Debug|Any CPU.Build.0 = Debug|Any CPU
		{98C0E1EF-6DEE-4E6B-807C-65AE9792C07A}.Debug|Any CPU.Deploy.0 = Debug|Any CPU
		{98C0E1EF-6DEE-4E6B-807C-65AE9792C07A}.Debug|x64.ActiveCfg = Debug|Any CPU
		{98C0E1EF-6DEE-4E6B-807C-65AE9792C07A}.Debug|x64.Build.0 = Debug|Any CPU
		{98C0E1EF-6DEE-4E6B-807C-65AE9792C07A}.Debug|x64.Deploy.0 = Debug|Any CPU
		{98C0E1EF-6DEE-4E6B-807C-65AE9792C07A}.Debug|x86.ActiveCfg = Debug|Any CPU
		{98C0E1EF-6DEE-4E6B-807C-65AE9792C07A}.Debug|x86.Build.0 = Debug|Any CPU
		{98C0E1EF-6DEE-4E6B-807C-65AE9792C07A}.Debug|x86.Deploy.0 = Debug|Any CPU
		{98C0E1EF-6DEE-4E6B-807C-65AE9792C07A}.Release|Any CPU.ActiveCfg = Release|Any CPU
		{98C0E1EF-6DEE-4E6B-807C-65AE9792C07A}.Release|Any CPU.Build.0 = Release|Any CPU
		{98C0E1EF-6DEE-4E6B-807C-65AE9792C07A}.Release|Any CPU.Deploy.0 = Release|Any CPU
		{98C0E1EF-6DEE-4E6B-807C-65AE9792C07A}.Release|x64.ActiveCfg = Release|Any CPU
		{98C0E1EF-6DEE-4E6B-807C-65AE9792C07A}.Release|x64.Build.0 = Release|Any CPU
		{98C0E1EF-6DEE-4E6B-807C-65AE9792C07A}.Release|x64.Deploy.0 = Release|Any CPU
		{98C0E1EF-6DEE-4E6B-807C-65AE9792C07A}.Release|x86.ActiveCfg = Release|Any CPU
		{98C0E1EF-6DEE-4E6B-807C-65AE9792C07A}.Release|x86.Build.0 = Release|Any CPU
		{98C0E1EF-6DEE-4E6B-807C-65AE9792C07A}.Release|x86.Deploy.0 = Release|Any CPU
	EndGlobalSection
	GlobalSection(SolutionProperties) = preSolution
		HideSolutionNode = FALSE
	EndGlobalSection
	GlobalSection(ExtensibilityGlobals) = postSolution
		SolutionGuid = {02C642BC-74E9-40CB-A861-0BA47E0A85F5}
	EndGlobalSection
EndGlobal
